{
  "nodes": {
    "arduino-index": {
      "flake": false,
      "locked": {
        "narHash": "sha256-X0TcP4RN2v8xZ5FcKT5RgYcAgDhS1/orgQc0e4oBNxk=",
        "type": "file",
        "url": "https://downloads.arduino.cc/packages/package_index.json"
      },
      "original": {
        "type": "file",
        "url": "https://downloads.arduino.cc/packages/package_index.json"
      }
    },
    "arduino-nix": {
      "locked": {
        "lastModified": 1758613361,
        "narHash": "sha256-ulyRVe492In6I/jXhCYzLuPwoQqv+jhDLHUikK0jdh0=",
        "owner": "bouk",
        "repo": "arduino-nix",
        "rev": "cfa82ced5b5d9436edec9238cf493f6b2c643869",
        "type": "github"
      },
      "original": {
        "owner": "bouk",
        "repo": "arduino-nix",
        "type": "github"
      }
    },
    "flake-utils": {
      "inputs": {
        "systems": "systems"
      },
      "locked": {
        "lastModified": 1731533236,
        "narHash": "sha256-l0KFg5HjrsfsO/JpG+r7fRrqm12kzFHyUHqHCVpMMbI=",
        "owner": "numtide",
        "repo": "flake-utils",
        "rev": "11707dc2f618dd54ca8739b309ec4fc024de578b",
        "type": "github"
      },
      "original": {
        "owner": "numtide",
        "repo": "flake-utils",
        "type": "github"
      }
    },
    "library-index": {
      "flake": false,
      "locked": {
        "narHash": "sha256-1qekD7+nvbdkT8xYjbOdhQ/7IrHf4YDw0qCqwEZbcJI=",
        "type": "file",
        "url": "https://downloads.arduino.cc/libraries/library_index.json"
      },
      "original": {
        "type": "file",
        "url": "https://downloads.arduino.cc/libraries/library_index.json"
      }
    },
    "nixpkgs": {
      "locked": {
        "lastModified": 1773431542,
        "narHash": "sha256-OW3pKJseumx02cCH1k9CRG00a7kiBGeIHVXNIRF5dCM=",
        "owner": "NixOS",
        "repo": "nixpkgs",
        "rev": "34d58868b1bf38fbba57d9ef3037455cd4adc521",
        "type": "github"
      },
      "original": {
        "owner": "NixOS",
        "repo": "nixpkgs",
        "type": "github"
      }
    },
    "root": {
      "inputs": {
        "arduino-index": "arduino-index",
        "arduino-nix": "arduino-nix",
        "flake-utils": "flake-utils",
        "library-index": "library-index",
        "nixpkgs": "nixpkgs",
        "teensy-index": "teensy-index"
      }
    },
    "systems": {
      "locked": {
        "lastModified": 1681028828,
        "narHash": "sha256-Vy1rq5AaRuLzOxct8nz4T6wlgyUR7zLU309k9mBC768=",
        "owner": "nix-systems",
        "repo": "default",
        "rev": "da67096a3b9bf56a91d16901293e51ba5b49a27e",
        "type": "github"
      },
      "original": {
        "owner": "nix-systems",
        "repo": "default",
        "type": "github"
      }
    },
    "teensy-index": {
      "flake": false,
      "locked": {
        "narHash": "sha256-O8B3YUcf1TGzfaKaqL7ZJVNqxtu6ZT46BXUlU323LJs=",
        "type": "file",
        "url": "https://www.pjrc.com/teensy/package_teensy_index.json"
      },
      "original": {
        "type": "file",
        "url": "https://www.pjrc.com/teensy/package_teensy_index.json"
      }
    }
  },
  "root": "root",
  "version": 7
}
